
Microsoft Visual Studio Solution File, Format Version 12.00
# Visual Studio Version 17
VisualStudioVersion = 17.9.34607.119
MinimumVisualStudioVersion = 10.0.40219.1
Project("{FAE04EC0-301F-11D3-BF4B-00C04F79EFBC}") = "ChallengeTecnicoLubee", "ChallengeTecnicoLubee\ChallengeTecnicoLubee.csproj", "{D0D69BE0-F482-496A-B63B-6CE786A64049}"
EndProject
Global
	GlobalSection(SolutionConfigurationPlatforms) = preSolution
		Debug|Any CPU = Debug|Any CPU
		Release|Any CPU = Release|Any CPU
	EndGlobalSection
	GlobalSection(ProjectConfigurationPlatforms) = postSolution
		{D0D69BE0-F482-496A-B63B-6CE786A64049}.Debug|Any CPU.ActiveCfg = Debug|Any CPU
		{D0D69BE0-F482-496A-B63B-6CE786A64049}.Debug|Any CPU.Build.0 = Debug|Any CPU
		{D0D69BE0-F482-496A-B63B-6CE786A64049}.Release|Any CPU.ActiveCfg = Release|Any CPU
		{D0D69BE0-F482-496A-B63B-6CE786A64049}.Release|Any CPU.Build.0 = Release|Any CPU
	EndGlobalSection
	GlobalSection(SolutionProperties) = preSolution
		HideSolutionNode = FALSE
	EndGlobalSection
	GlobalSection(ExtensibilityGlobals) = postSolution
		SolutionGuid = {595332C8-467F-4B3F-B39A-4E9F3371BDF9}
	EndGlobalSection
EndGlobal
